
Microsoft Visual Studio Solution File, Format Version 12.00
# Visual Studio 15
VisualStudioVersion = 15.0.26430.16
MinimumVisualStudioVersion = 10.0.40219.1
Project("{FAE04EC0-301F-11D3-BF4B-00C04F79EFBC}") = "SaraApp", "SaraApp\SaraApp\SaraApp.csproj", "{FDBF8879-4FFD-4D61-9A27-D32CCA2AFC66}"
EndProject
Project("{FAE04EC0-301F-11D3-BF4B-00C04F79EFBC}") = "SaraApp.Android", "SaraApp\SaraApp.Android\SaraApp.Android.csproj", "{D682ECB1-2AD7-457E-B3AB-DCE9F1E4E92A}"
EndProject
Project("{FAE04EC0-301F-11D3-BF4B-00C04F79EFBC}") = "SaraApp.iOS", "SaraApp\SaraApp.iOS\SaraApp.iOS.csproj", "{146E6DEA-B544-459F-A4BB-3561A946394F}"
EndProject
Global
	GlobalSection(SolutionConfigurationPlatforms) = preSolution
		Debug|Any CPU = Debug|Any CPU
		Debug|iPhone = Debug|iPhone
		Debug|iPhoneSimulator = Debug|iPhoneSimulator
		Release|Any CPU = Release|Any CPU
		Release|iPhone = Release|iPhone
		Release|iPhoneSimulator = Release|iPhoneSimulator
	EndGlobalSection
	GlobalSection(ProjectConfigurationPlatforms) = postSolution
		{FDBF8879-4FFD-4D61-9A27-D32CCA2AFC66}.Debug|Any CPU.ActiveCfg = Debug|Any CPU
		{FDBF8879-4FFD-4D61-9A27-D32CCA2AFC66}.Debug|Any CPU.Build.0 = Debug|Any CPU
		{FDBF8879-4FFD-4D61-9A27-D32CCA2AFC66}.Debug|iPhone.ActiveCfg = Debug|Any CPU
		{FDBF8879-4FFD-4D61-9A27-D32CCA2AFC66}.Debug|iPhone.Build.0 = Debug|Any CPU
		{FDBF8879-4FFD-4D61-9A27-D32CCA2AFC66}.Debug|iPhoneSimulator.ActiveCfg = Debug|Any CPU
		{FDBF8879-4FFD-4D61-9A27-D32CCA2AFC66}.Debug|iPhoneSimulator.Build.0 = Debug|Any CPU
		{FDBF8879-4FFD-4D61-9A27-D32CCA2AFC66}.Release|Any CPU.ActiveCfg = Release|Any CPU
		{FDBF8879-4FFD-4D61-9A27-D32CCA2AFC66}.Release|Any CPU.Build.0 = Release|Any CPU
		{FDBF8879-4FFD-4D61-9A27-D32CCA2AFC66}.Release|iPhone.ActiveCfg = Release|Any CPU
		{FDBF8879-4FFD-4D61-9A27-D32CCA2AFC66}.Release|iPhone.Build.0 = Release|Any CPU
		{FDBF8879-4FFD-4D61-9A27-D32CCA2AFC66}.Release|iPhoneSimulator.ActiveCfg = Release|Any CPU
		{FDBF8879-4FFD-4D61-9A27-D32CCA2AFC66}.Release|iPhoneSimulator.Build.0 = Release|Any CPU
		{D682ECB1-2AD7-457E-B3AB-DCE9F1E4E92A}.Debug|Any CPU.ActiveCfg = Debug|Any CPU
		{D682ECB1-2AD7-457E-B3AB-DCE9F1E4E92A}.Debug|Any CPU.Build.0 = Debug|Any CPU
		{D682ECB1-2AD7-457E-B3AB-DCE9F1E4E92A}.Debug|Any CPU.Deploy.0 = Debug|Any CPU
		{D682ECB1-2AD7-457E-B3AB-DCE9F1E4E92A}.Debug|iPhone.ActiveCfg = Debug|Any CPU
		{D682ECB1-2AD7-457E-B3AB-DCE9F1E4E92A}.Debug|iPhone.Build.0 = Debug|Any CPU
		{D682ECB1-2AD7-457E-B3AB-DCE9F1E4E92A}.Debug|iPhone.Deploy.0 = Debug|Any CPU
		{D682ECB1-2AD7-457E-B3AB-DCE9F1E4E92A}.Debug|iPhoneSimulator.ActiveCfg = Debug|Any CPU
		{D682ECB1-2AD7-457E-B3AB-DCE9F1E4E92A}.Debug|iPhoneSimulator.Build.0 = Debug|Any CPU
		{D682ECB1-2AD7-457E-B3AB-DCE9F1E4E92A}.Debug|iPhoneSimulator.Deploy.0 = Debug|Any CPU
		{D682ECB1-2AD7-457E-B3AB-DCE9F1E4E92A}.Release|Any CPU.ActiveCfg = Release|Any CPU
		{D682ECB1-2AD7-457E-B3AB-DCE9F1E4E92A}.Release|Any CPU.Build.0 = Release|Any CPU
		{D682ECB1-2AD7-457E-B3AB-DCE9F1E4E92A}.Release|Any CPU.Deploy.0 = Release|Any CPU
		{D682ECB1-2AD7-457E-B3AB-DCE9F1E4E92A}.Release|iPhone.ActiveCfg = Release|Any CPU
		{D682ECB1-2AD7-457E-B3AB-DCE9F1E4E92A}.Release|iPhone.Build.0 = Release|Any CPU
		{D682ECB1-2AD7-457E-B3AB-DCE9F1E4E92A}.Release|iPhone.Deploy.0 = Release|Any CPU
		{D682ECB1-2AD7-457E-B3AB-DCE9F1E4E92A}.Release|iPhoneSimulator.ActiveCfg = Release|Any CPU
		{D682ECB1-2AD7-457E-B3AB-DCE9F1E4E92A}.Release|iPhoneSimulator.Build.0 = Release|Any CPU
		{D682ECB1-2AD7-457E-B3AB-DCE9F1E4E92A}.Release|iPhoneSimulator.Deploy.0 = Release|Any CPU
		{146E6DEA-B544-459F-A4BB-3561A946394F}.Debug|Any CPU.ActiveCfg = Debug|iPhone
		{146E6DEA-B544-459F-A4BB-3561A946394F}.Debug|iPhone.ActiveCfg = Debug|iPhone
		{146E6DEA-B544-459F-A4BB-3561A946394F}.Debug|iPhone.Build.0 = Debug|iPhone
		{146E6DEA-B544-459F-A4BB-3561A946394F}.Debug|iPhoneSimulator.ActiveCfg = Debug|iPhoneSimulator
		{146E6DEA-B544-459F-A4BB-3561A946394F}.Debug|iPhoneSimulator.Build.0 = Debug|iPhoneSimulator
		{146E6DEA-B544-459F-A4BB-3561A946394F}.Release|Any CPU.ActiveCfg = Release|iPhone
		{146E6DEA-B544-459F-A4BB-3561A946394F}.Release|iPhone.ActiveCfg = Release|iPhone
		{146E6DEA-B544-459F-A4BB-3561A946394F}.Release|iPhone.Build.0 = Release|iPhone
		{146E6DEA-B544-459F-A4BB-3561A946394F}.Release|iPhoneSimulator.ActiveCfg = Release|iPhoneSimulator
		{146E6DEA-B544-459F-A4BB-3561A946394F}.Release|iPhoneSimulator.Build.0 = Release|iPhoneSimulator
	EndGlobalSection
	GlobalSection(SolutionProperties) = preSolution
		HideSolutionNode = FALSE
	EndGlobalSection
EndGlobal
